// !$*UTF8*$!
{
	archiveVersion = 1;
	classes = {
	};
	objectVersion = 55;
	objects = {

/* Begin PBXBuildFile section */
		FD6B06B4288905BD00E73BA3 /* main.cpp in Sources */ = {isa = PBXBuildFile; fileRef = FD6B06B3288905BD00E73BA3 /* main.cpp */; };
		FD6B06BF28890D9C00E73BA3 /* BSTTreeNode.cpp in Sources */ = {isa = PBXBuildFile; fileRef = FD6B06BD28890D9C00E73BA3 /* BSTTreeNode.cpp */; };
		FD6B06C228890F0100E73BA3 /* BSTTree.cpp in Sources */ = {isa = PBXBuildFile; fileRef = FD6B06C028890F0100E73BA3 /* BSTTree.cpp */; };
/* End PBXBuildFile section */

/* Begin PBXCopyFilesBuildPhase section */
		FD6B06AE288905BD00E73BA3 /* CopyFiles */ = {
			isa = PBXCopyFilesBuildPhase;
			buildActionMask = 2147483647;
			dstPath = /usr/share/man/man1/;
			dstSubfolderSpec = 0;
			files = (
			);
			runOnlyForDeploymentPostprocessing = 1;
		};
/* End PBXCopyFilesBuildPhase section */

/* Begin PBXFileReference section */
		FD6B06B0288905BD00E73BA3 /* Banking System */ = {isa = PBXFileReference; explicitFileType = "compiled.mach-o.executable"; includeInIndex = 0; path = "Banking System"; sourceTree = BUILT_PRODUCTS_DIR; };
		FD6B06B3288905BD00E73BA3 /* main.cpp */ = {isa = PBXFileReference; lastKnownFileType = sourcecode.cpp.cpp; path = main.cpp; sourceTree = "<group>"; };
		FD6B06BD28890D9C00E73BA3 /* BSTTreeNode.cpp */ = {isa = PBXFileReference; lastKnownFileType = sourcecode.cpp.cpp; path = BSTTreeNode.cpp; sourceTree = "<group>"; };
		FD6B06BE28890D9C00E73BA3 /* BSTTreeNode.hpp */ = {isa = PBXFileReference; lastKnownFileType = sourcecode.cpp.h; path = BSTTreeNode.hpp; sourceTree = "<group>"; };
		FD6B06C028890F0100E73BA3 /* BSTTree.cpp */ = {isa = PBXFileReference; lastKnownFileType = sourcecode.cpp.cpp; path = BSTTree.cpp; sourceTree = "<group>"; };
		FD6B06C128890F0100E73BA3 /* BSTTree.hpp */ = {isa = PBXFileReference; lastKnownFileType = sourcecode.cpp.h; path = BSTTree.hpp; sourceTree = "<group>"; };
/* End PBXFileReference section */

/* Begin PBXFrameworksBuildPhase section */
		FD6B06AD288905BD00E73BA3 /* Frameworks */ = {
			isa = PBXFrameworksBuildPhase;
			buildActionMask = 2147483647;
			files = (
			);
			runOnlyForDeploymentPostprocessing = 0;
		};
/* End PBXFrameworksBuildPhase section */

/* Begin PBXGroup section */
		FD6B06A7288905BC00E73BA3 = {
			isa = PBXGroup;
			children = (
				FD6B06B2288905BD00E73BA3 /* Banking System */,
				FD6B06B1288905BD00E73BA3 /* Products */,
			);
			sourceTree = "<group>";
		};
		FD6B06B1288905BD00E73BA3 /* Products */ = {
			isa = PBXGroup;
			children = (
				FD6B06B0288905BD00E73BA3 /* Banking System */,
			);
			name = Products;
			sourceTree = "<group>";
		};
		FD6B06B2288905BD00E73BA3 /* Banking System */ = {
			isa = PBXGroup;
			children = (
				FD6B06B3288905BD00E73BA3 /* main.cpp */,
				FD6B06BD28890D9C00E73BA3 /* BSTTreeNode.cpp */,
				FD6B06C028890F0100E73BA3 /* BSTTree.cpp */,
				FD6B06C128890F0100E73BA3 /* BSTTree.hpp */,
				FD6B06BE28890D9C00E73BA3 /* BSTTreeNode.hpp */,
			);
			path = "Banking System";
			sourceTree = "<group>";
		};
/* End PBXGroup section */

/* Begin PBXNativeTarget section */
		FD6B06AF288905BD00E73BA3 /* Banking System */ = {
			isa = PBXNativeTarget;
			buildConfigurationList = FD6B06B7288905BD00E73BA3 /* Build configuration list for PBXNativeTarget "Banking System" */;
			buildPhases = (
				FD6B06AC288905BD00E73BA3 /* Sources */,
				FD6B06AD288905BD00E73BA3 /* Frameworks */,
				FD6B06AE288905BD00E73BA3 /* CopyFiles */,
			);
			buildRules = (
			);
			dependencies = (
			);
			name = "Banking System";
			productName = "Banking System";
			productReference = FD6B06B0288905BD00E73BA3 /* Banking System */;
			productType = "com.apple.product-type.tool";
		};
/* End PBXNativeTarget section */

/* Begin PBXProject section */
		FD6B06A8288905BD00E73BA3 /* Project object */ = {
			isa = PBXProject;
			attributes = {
				BuildIndependentTargetsInParallel = 1;
				LastUpgradeCheck = 1340;
				TargetAttributes = {
					FD6B06AF288905BD00E73BA3 = {
						CreatedOnToolsVersion = 13.4;
					};
				};
			};
			buildConfigurationList = FD6B06AB288905BD00E73BA3 /* Build configuration list for PBXProject "Banking System" */;
			compatibilityVersion = "Xcode 13.0";
			developmentRegion = en;
			hasScannedForEncodings = 0;
			knownRegions = (
				en,
				Base,
			);
			mainGroup = FD6B06A7288905BC00E73BA3;
			productRefGroup = FD6B06B1288905BD00E73BA3 /* Products */;
			projectDirPath = "";
			projectRoot = "";
			targets = (
				FD6B06AF288905BD00E73BA3 /* Banking System */,
			);
		};
/* End PBXProject section */

/* Begin PBXSourcesBuildPhase section */
		FD6B06AC288905BD00E73BA3 /* Sources */ = {
			isa = PBXSourcesBuildPhase;
			buildActionMask = 2147483647;
			files = (
				FD6B06B4288905BD00E73BA3 /* main.cpp in Sources */,
				FD6B06C228890F0100E73BA3 /* BSTTree.cpp in Sources */,
				FD6B06BF28890D9C00E73BA3 /* BSTTreeNode.cpp in Sources */,
			);
			runOnlyForDeploymentPostprocessing = 0;
		};
/* End PBXSourcesBuildPhase section */

/* Begin XCBuildConfiguration section */
		FD6B06B5288905BD00E73BA3 /* Debug */ = {
			isa = XCBuildConfiguration;
			buildSettings = {
				ALWAYS_SEARCH_USER_PATHS = NO;
				CLANG_ANALYZER_NONNULL = YES;
				CLANG_ANALYZER_NUMBER_OBJECT_CONVERSION = YES_AGGRESSIVE;
				CLANG_CXX_LANGUAGE_STANDARD = "gnu++17";
				CLANG_ENABLE_MODULES = YES;
				CLANG_ENABLE_OBJC_ARC = YES;
				CLANG_ENABLE_OBJC_WEAK = YES;
				CLANG_WARN_BLOCK_CAPTURE_AUTORELEASING = YES;
				CLANG_WARN_BOOL_CONVERSION = YES;
				CLANG_WARN_COMMA = YES;
				CLANG_WARN_CONSTANT_CONVERSION = YES;
				CLANG_WARN_DEPRECATED_OBJC_IMPLEMENTATIONS = YES;
				CLANG_WARN_DIRECT_OBJC_ISA_USAGE = YES_ERROR;
				CLANG_WARN_DOCUMENTATION_COMMENTS = YES;
				CLANG_WARN_EMPTY_BODY = YES;
				CLANG_WARN_ENUM_CONVERSION = YES;
				CLANG_WARN_INFINITE_RECURSION = YES;
				CLANG_WARN_INT_CONVERSION = YES;
				CLANG_WARN_NON_LITERAL_NULL_CONVERSION = YES;
				CLANG_WARN_OBJC_IMPLICIT_RETAIN_SELF = YES;
				CLANG_WARN_OBJC_LITERAL_CONVERSION = YES;
				CLANG_WARN_OBJC_ROOT_CLASS = YES_ERROR;
				CLANG_WARN_QUOTED_INCLUDE_IN_FRAMEWORK_HEADER = YES;
				CLANG_WARN_RANGE_LOOP_ANALYSIS = YES;
				CLANG_WARN_STRICT_PROTOTYPES = YES;
				CLANG_WARN_SUSPICIOUS_MOVE = YES;
				CLANG_WARN_UNGUARDED_AVAILABILITY = YES_AGGRESSIVE;
				CLANG_WARN_UNREACHABLE_CODE = YES;
				CLANG_WARN__DUPLICATE_METHOD_MATCH = YES;
				COPY_PHASE_STRIP = NO;
				DEBUG_INFORMATION_FORMAT = dwarf;
				ENABLE_STRICT_OBJC_MSGSEND = YES;
				ENABLE_TESTABILITY = YES;
				GCC_C_LANGUAGE_STANDARD = gnu11;
				GCC_DYNAMIC_NO_PIC = NO;
				GCC_NO_COMMON_BLOCKS = YES;
				GCC_OPTIMIZATION_LEVEL = 0;
				GCC_PREPROCESSOR_DEFINITIONS = (
					"DEBUG=1",
					"$(inherited)",
				);
				GCC_WARN_64_TO_32_BIT_CONVERSION = YES;
				GCC_WARN_ABOUT_RETURN_TYPE = YES_ERROR;
				GCC_WARN_UNDECLARED_SELECTOR = YES;
				GCC_WARN_UNINITIALIZED_AUTOS = YES_AGGRESSIVE;
				GCC_WARN_UNUSED_FUNCTION = YES;
				GCC_WARN_UNUSED_VARIABLE = YES;
				MACOSX_DEPLOYMENT_TARGET = 12.3;
				MTL_ENABLE_DEBUG_INFO = INCLUDE_SOURCE;
				MTL_FAST_MATH = YES;
				ONLY_ACTIVE_ARCH = YES;
				SDKROOT = macosx;
			};
			name = Debug;
		};
		FD6B06B6288905BD00E73BA3 /* Release */ = {
			isa = XCBuildConfiguration;
			buildSettings = {
				ALWAYS_SEARCH_USER_PATHS = NO;
				CLANG_ANALYZER_NONNULL = YES;
				CLANG_ANALYZER_NUMBER_OBJECT_CONVERSION = YES_AGGRESSIVE;
				CLANG_CXX_LANGUAGE_STANDARD = "gnu++17";
				CLANG_ENABLE_MODULES = YES;
				CLANG_ENABLE_OBJC_ARC = YES;
				CLANG_ENABLE_OBJC_WEAK = YES;
				CLANG_WARN_BLOCK_CAPTURE_AUTORELEASING = YES;
				CLANG_WARN_BOOL_CONVERSION = YES;
				CLANG_WARN_COMMA = YES;
				CLANG_WARN_CONSTANT_CONVERSION = YES;
				CLANG_WARN_DEPRECATED_OBJC_IMPLEMENTATIONS = YES;
				CLANG_WARN_DIRECT_OBJC_ISA_USAGE = YES_ERROR;
				CLANG_WARN_DOCUMENTATION_COMMENTS = YES;
				CLANG_WARN_EMPTY_BODY = YES;
				CLANG_WARN_ENUM_CONVERSION = YES;
				CLANG_WARN_INFINITE_RECURSION = YES;
				CLANG_WARN_INT_CONVERSION = YES;
				CLANG_WARN_NON_LITERAL_NULL_CONVERSION = YES;
				CLANG_WARN_OBJC_IMPLICIT_RETAIN_SELF = YES;
				CLANG_WARN_OBJC_LITERAL_CONVERSION = YES;
				CLANG_WARN_OBJC_ROOT_CLASS = YES_ERROR;
				CLANG_WARN_QUOTED_INCLUDE_IN_FRAMEWORK_HEADER = YES;
				CLANG_WARN_RANGE_LOOP_ANALYSIS = YES;
				CLANG_WARN_STRICT_PROTOTYPES = YES;
				CLANG_WARN_SUSPICIOUS_MOVE = YES;
				CLANG_WARN_UNGUARDED_AVAILABILITY = YES_AGGRESSIVE;
				CLANG_WARN_UNREACHABLE_CODE = YES;
				CLANG_WARN__DUPLICATE_METHOD_MATCH = YES;
				COPY_PHASE_STRIP = NO;
				DEBUG_INFORMATION_FORMAT = "dwarf-with-dsym";
				ENABLE_NS_ASSERTIONS = NO;
				ENABLE_STRICT_OBJC_MSGSEND = YES;
				GCC_C_LANGUAGE_STANDARD = gnu11;
				GCC_NO_COMMON_BLOCKS = YES;
				GCC_WARN_64_TO_32_BIT_CONVERSION = YES;
				GCC_WARN_ABOUT_RETURN_TYPE = YES_ERROR;
				GCC_WARN_UNDECLARED_SELECTOR = YES;
				GCC_WARN_UNINITIALIZED_AUTOS = YES_AGGRESSIVE;
				GCC_WARN_UNUSED_FUNCTION = YES;
				GCC_WARN_UNUSED_VARIABLE = YES;
				MACOSX_DEPLOYMENT_TARGET = 12.3;
				MTL_ENABLE_DEBUG_INFO = NO;
				MTL_FAST_MATH = YES;
				SDKROOT = macosx;
			};
			name = Release;
		};
		FD6B06B8288905BD00E73BA3 /* Debug */ = {
			isa = XCBuildConfiguration;
			buildSettings = {
				CLANG_CXX_LANGUAGE_STANDARD = "c++17";
				CODE_SIGN_STYLE = Automatic;
				PRODUCT_NAME = "$(TARGET_NAME)";
			};
			name = Debug;
		};
		FD6B06B9288905BD00E73BA3 /* Release */ = {
			isa = XCBuildConfiguration;
			buildSettings = {
				CLANG_CXX_LANGUAGE_STANDARD = "c++17";
				CODE_SIGN_STYLE = Automatic;
				PRODUCT_NAME = "$(TARGET_NAME)";
			};
			name = Release;
		};
/* End XCBuildConfiguration section */

/* Begin XCConfigurationList section */
		FD6B06AB288905BD00E73BA3 /* Build configuration list for PBXProject "Banking System" */ = {
			isa = XCConfigurationList;
			buildConfigurations = (
				FD6B06B5288905BD00E73BA3 /* Debug */,
				FD6B06B6288905BD00E73BA3 /* Release */,
			);
			defaultConfigurationIsVisible = 0;
			defaultConfigurationName = Release;
		};
		FD6B06B7288905BD00E73BA3 /* Build configuration list for PBXNativeTarget "Banking System" */ = {
			isa = XCConfigurationList;
			buildConfigurations = (
				FD6B06B8288905BD00E73BA3 /* Debug */,
				FD6B06B9288905BD00E73BA3 /* Release */,
			);
			defaultConfigurationIsVisible = 0;
			defaultConfigurationName = Release;
		};
/* End XCConfigurationList section */
	};
	rootObject = FD6B06A8288905BD00E73BA3 /* Project object */;
}
